
Microsoft Visual Studio Solution File, Format Version 12.00
# Visual Studio Version 16
VisualStudioVersion = 16.0.29020.237
MinimumVisualStudioVersion = 10.0.40219.1
Project("{E24C65DC-7377-472B-9ABA-BC803B73C61A}") = "BitacoraDeSeguimiento", "http://localhost/BitacoraDeSeguimiento", "{125FD390-F19E-4BEE-A45F-AE27E963E4A0}"
	ProjectSection(WebsiteProperties) = preProject
		UseIISExpress = "false"
		TargetFrameworkMoniker = ".NETFramework,Version%3Dv4.0"
		Debug.AspNetCompiler.VirtualPath = "/BitacoraDeSeguimiento"
		Debug.AspNetCompiler.PhysicalPath = "..\..\..\..\..\inetpub\wwwroot\BitacoraDeSeguimiento\"
		Debug.AspNetCompiler.TargetPath = "PrecompiledWeb\BitacoraDeSeguimiento\"
		Debug.AspNetCompiler.Updateable = "true"
		Debug.AspNetCompiler.ForceOverwrite = "true"
		Debug.AspNetCompiler.FixedNames = "false"
		Debug.AspNetCompiler.Debug = "True"
		Release.AspNetCompiler.VirtualPath = "/BitacoraDeSeguimiento"
		Release.AspNetCompiler.PhysicalPath = "..\..\..\..\..\inetpub\wwwroot\BitacoraDeSeguimiento\"
		Release.AspNetCompiler.TargetPath = "PrecompiledWeb\BitacoraDeSeguimiento\"
		Release.AspNetCompiler.Updateable = "true"
		Release.AspNetCompiler.ForceOverwrite = "true"
		Release.AspNetCompiler.FixedNames = "false"
		Release.AspNetCompiler.Debug = "False"
		SlnRelativePath = "..\..\..\..\..\inetpub\wwwroot\BitacoraDeSeguimiento\"
	EndProjectSection
EndProject
Global
	GlobalSection(SolutionConfigurationPlatforms) = preSolution
		Debug|Any CPU = Debug|Any CPU
	EndGlobalSection
	GlobalSection(ProjectConfigurationPlatforms) = postSolution
		{125FD390-F19E-4BEE-A45F-AE27E963E4A0}.Debug|Any CPU.ActiveCfg = Debug|Any CPU
		{125FD390-F19E-4BEE-A45F-AE27E963E4A0}.Debug|Any CPU.Build.0 = Debug|Any CPU
	EndGlobalSection
	GlobalSection(SolutionProperties) = preSolution
		HideSolutionNode = FALSE
	EndGlobalSection
	GlobalSection(ExtensibilityGlobals) = postSolution
		SolutionGuid = {DB7020AF-0CF7-4F0A-945F-5B7ED7130B80}
	EndGlobalSection
EndGlobal
